
Microsoft Visual Studio Solution File, Format Version 11.00
# Visual Studio 2010
Project("{FAE04EC0-301F-11D3-BF4B-00C04F79EFBC}") = "Assembly-CSharp-firstpass", "Assembly-CSharp-firstpass.csproj", "{e3ac8432-2305-44a2-84e5-58777a565a69}"
EndProject
Project("{FAE04EC0-301F-11D3-BF4B-00C04F79EFBC}") = "Scripts", "Scripts.csproj", "{062178a6-914d-10e9-9dd2-de4ad62f0469}"
EndProject
Project("{FAE04EC0-301F-11D3-BF4B-00C04F79EFBC}") = "Playmode", "Playmode.csproj", "{ff409b01-34d8-b98b-fb0f-832dbae63e60}"
EndProject
Project("{FAE04EC0-301F-11D3-BF4B-00C04F79EFBC}") = "Assembly-CSharp-Editor-firstpass", "Assembly-CSharp-Editor-firstpass.csproj", "{e73a2150-6b79-dad6-2f3f-61ccec820734}"
EndProject
Project("{FAE04EC0-301F-11D3-BF4B-00C04F79EFBC}") = "Assembly-CSharp-Editor", "Assembly-CSharp-Editor.csproj", "{8bf15596-0bae-308f-1706-0b2553fcf906}"
EndProject
Project("{FAE04EC0-301F-11D3-BF4B-00C04F79EFBC}") = "Unity.XR.Interaction.Toolkit.Samples.StarterAssets.Editor", "Unity.XR.Interaction.Toolkit.Samples.StarterAssets.Editor.csproj", "{b5a4f0ea-f6fe-6362-7a7b-4a7e95709713}"
EndProject
Project("{FAE04EC0-301F-11D3-BF4B-00C04F79EFBC}") = "Editmode", "Editmode.csproj", "{b6c06af1-1492-88df-8524-fe548d071bc4}"
EndProject
Project("{FAE04EC0-301F-11D3-BF4B-00C04F79EFBC}") = "Assembly-CSharp", "Assembly-CSharp.csproj", "{65e4511b-ffe0-08f2-d636-226f9549c085}"
EndProject
Project("{FAE04EC0-301F-11D3-BF4B-00C04F79EFBC}") = "Unity.XR.Interaction.Toolkit.Samples.StarterAssets", "Unity.XR.Interaction.Toolkit.Samples.StarterAssets.csproj", "{4fd5c83b-5071-5595-14c8-b0ed72ce3400}"
EndProject
Global
	GlobalSection(SolutionConfigurationPlatforms) = preSolution
		Debug|Any CPU = Debug|Any CPU
	EndGlobalSection
	GlobalSection(ProjectConfigurationPlatforms) = postSolution
		{e3ac8432-2305-44a2-84e5-58777a565a69}.Debug|Any CPU.ActiveCfg = Debug|Any CPU
		{e3ac8432-2305-44a2-84e5-58777a565a69}.Debug|Any CPU.Build.0 = Debug|Any CPU
		{062178a6-914d-10e9-9dd2-de4ad62f0469}.Debug|Any CPU.ActiveCfg = Debug|Any CPU
		{062178a6-914d-10e9-9dd2-de4ad62f0469}.Debug|Any CPU.Build.0 = Debug|Any CPU
		{ff409b01-34d8-b98b-fb0f-832dbae63e60}.Debug|Any CPU.ActiveCfg = Debug|Any CPU
		{ff409b01-34d8-b98b-fb0f-832dbae63e60}.Debug|Any CPU.Build.0 = Debug|Any CPU
		{e73a2150-6b79-dad6-2f3f-61ccec820734}.Debug|Any CPU.ActiveCfg = Debug|Any CPU
		{e73a2150-6b79-dad6-2f3f-61ccec820734}.Debug|Any CPU.Build.0 = Debug|Any CPU
		{8bf15596-0bae-308f-1706-0b2553fcf906}.Debug|Any CPU.ActiveCfg = Debug|Any CPU
		{8bf15596-0bae-308f-1706-0b2553fcf906}.Debug|Any CPU.Build.0 = Debug|Any CPU
		{b5a4f0ea-f6fe-6362-7a7b-4a7e95709713}.Debug|Any CPU.ActiveCfg = Debug|Any CPU
		{b5a4f0ea-f6fe-6362-7a7b-4a7e95709713}.Debug|Any CPU.Build.0 = Debug|Any CPU
		{b6c06af1-1492-88df-8524-fe548d071bc4}.Debug|Any CPU.ActiveCfg = Debug|Any CPU
		{b6c06af1-1492-88df-8524-fe548d071bc4}.Debug|Any CPU.Build.0 = Debug|Any CPU
		{65e4511b-ffe0-08f2-d636-226f9549c085}.Debug|Any CPU.ActiveCfg = Debug|Any CPU
		{65e4511b-ffe0-08f2-d636-226f9549c085}.Debug|Any CPU.Build.0 = Debug|Any CPU
		{4fd5c83b-5071-5595-14c8-b0ed72ce3400}.Debug|Any CPU.ActiveCfg = Debug|Any CPU
		{4fd5c83b-5071-5595-14c8-b0ed72ce3400}.Debug|Any CPU.Build.0 = Debug|Any CPU
	EndGlobalSection
	GlobalSection(SolutionProperties) = preSolution
		HideSolutionNode = FALSE
	EndGlobalSection
EndGlobal
